
Microsoft Visual Studio Solution File, Format Version 12.00
# Visual Studio 15
VisualStudioVersion = 15.0.28307.489
MinimumVisualStudioVersion = 10.0.40219.1
Project("{2150E333-8FDC-42A3-9474-1A3956D46DE8}") = "src", "src", "{544EA502-A1BD-4A80-943F-477F9896688E}"
EndProject
Project("{2150E333-8FDC-42A3-9474-1A3956D46DE8}") = "1 - Service", "1 - Service", "{9E29A72B-4FFB-4AAC-A690-3CD7F3895C98}"
EndProject
Project("{2150E333-8FDC-42A3-9474-1A3956D46DE8}") = "2 - Application", "2 - Application", "{86C2AA5D-2F81-423D-A0E6-33CBD2039E02}"
EndProject
Project("{2150E333-8FDC-42A3-9474-1A3956D46DE8}") = "3 - Domain", "3 - Domain", "{4D473A23-387F-485C-B8DD-C6907E1035AD}"
EndProject
Project("{2150E333-8FDC-42A3-9474-1A3956D46DE8}") = "4 - Infra", "4 - Infra", "{C188585B-7643-4B56-9630-20696BE1802B}"
EndProject
Project("{2150E333-8FDC-42A3-9474-1A3956D46DE8}") = "4.1 - Data", "4.1 - Data", "{1EEA925C-8289-4980-9C39-148142A090BA}"
EndProject
Project("{2150E333-8FDC-42A3-9474-1A3956D46DE8}") = "4.2 - CrossCutting", "4.2 - CrossCutting", "{AB00D664-454D-4A76-ABDD-65E57F2932FF}"
EndProject
Project("{9A19103F-16F7-4668-BE54-9A1E7A4F7556}") = "StockBoard.Service.Api", "StockBoard.Service.Api\StockBoard.Service.Api.csproj", "{5143D389-99EA-4967-ACFE-5A623996104B}"
EndProject
Project("{9A19103F-16F7-4668-BE54-9A1E7A4F7556}") = "StockBoard.Application", "StockBoard.Application\StockBoard.Application.csproj", "{0CD97231-94D9-4A66-882B-4CE1F8F1D719}"
EndProject
Project("{9A19103F-16F7-4668-BE54-9A1E7A4F7556}") = "StockBoard.Domain.Core", "StockBoard.Domain.Core\StockBoard.Domain.Core.csproj", "{43011E1C-9538-4E16-966F-E13300A06B0E}"
EndProject
Project("{9A19103F-16F7-4668-BE54-9A1E7A4F7556}") = "StockBoard.Domain", "StockBoard.Domain\StockBoard.Domain.csproj", "{614B00A3-1464-4378-92D8-61BF3BDD27BB}"
EndProject
Project("{9A19103F-16F7-4668-BE54-9A1E7A4F7556}") = "StockBoard.Infra.Data", "StockBoard.Infra.Data\StockBoard.Infra.Data.csproj", "{4D97DC44-D940-4DD3-BCD8-38EC1FD70432}"
EndProject
Project("{9A19103F-16F7-4668-BE54-9A1E7A4F7556}") = "StockBoard.Infra.CrossCutting.Bus", "StockBoard.Infra.CrossCutting.Bus\StockBoard.Infra.CrossCutting.Bus.csproj", "{BE0D291C-B0E5-4A15-B0B1-F3B0E109EB4C}"
EndProject
Project("{9A19103F-16F7-4668-BE54-9A1E7A4F7556}") = "StockBoard.Infra.CrossCutting.IoC", "StockBoard.Infra.CrossCutting.IoC\StockBoard.Infra.CrossCutting.IoC.csproj", "{39298C48-EC13-40E9-A19B-078F22634708}"
EndProject
Project("{FAE04EC0-301F-11D3-BF4B-00C04F79EFBC}") = "StockBoard.Function.Simulator", "StockBoard.Function.Simulator\StockBoard.Function.Simulator.csproj", "{6CB2C6A8-5711-4A74-8FA0-BDE48FDD63D7}"
EndProject
Global
	GlobalSection(SolutionConfigurationPlatforms) = preSolution
		Debug|Any CPU = Debug|Any CPU
		Release|Any CPU = Release|Any CPU
	EndGlobalSection
	GlobalSection(ProjectConfigurationPlatforms) = postSolution
		{5143D389-99EA-4967-ACFE-5A623996104B}.Debug|Any CPU.ActiveCfg = Debug|Any CPU
		{5143D389-99EA-4967-ACFE-5A623996104B}.Debug|Any CPU.Build.0 = Debug|Any CPU
		{5143D389-99EA-4967-ACFE-5A623996104B}.Release|Any CPU.ActiveCfg = Release|Any CPU
		{5143D389-99EA-4967-ACFE-5A623996104B}.Release|Any CPU.Build.0 = Release|Any CPU
		{0CD97231-94D9-4A66-882B-4CE1F8F1D719}.Debug|Any CPU.ActiveCfg = Debug|Any CPU
		{0CD97231-94D9-4A66-882B-4CE1F8F1D719}.Debug|Any CPU.Build.0 = Debug|Any CPU
		{0CD97231-94D9-4A66-882B-4CE1F8F1D719}.Release|Any CPU.ActiveCfg = Release|Any CPU
		{0CD97231-94D9-4A66-882B-4CE1F8F1D719}.Release|Any CPU.Build.0 = Release|Any CPU
		{43011E1C-9538-4E16-966F-E13300A06B0E}.Debug|Any CPU.ActiveCfg = Debug|Any CPU
		{43011E1C-9538-4E16-966F-E13300A06B0E}.Debug|Any CPU.Build.0 = Debug|Any CPU
		{43011E1C-9538-4E16-966F-E13300A06B0E}.Release|Any CPU.ActiveCfg = Release|Any CPU
		{43011E1C-9538-4E16-966F-E13300A06B0E}.Release|Any CPU.Build.0 = Release|Any CPU
		{614B00A3-1464-4378-92D8-61BF3BDD27BB}.Debug|Any CPU.ActiveCfg = Debug|Any CPU
		{614B00A3-1464-4378-92D8-61BF3BDD27BB}.Debug|Any CPU.Build.0 = Debug|Any CPU
		{614B00A3-1464-4378-92D8-61BF3BDD27BB}.Release|Any CPU.ActiveCfg = Release|Any CPU
		{614B00A3-1464-4378-92D8-61BF3BDD27BB}.Release|Any CPU.Build.0 = Release|Any CPU
		{4D97DC44-D940-4DD3-BCD8-38EC1FD70432}.Debug|Any CPU.ActiveCfg = Debug|Any CPU
		{4D97DC44-D940-4DD3-BCD8-38EC1FD70432}.Debug|Any CPU.Build.0 = Debug|Any CPU
		{4D97DC44-D940-4DD3-BCD8-38EC1FD70432}.Release|Any CPU.ActiveCfg = Release|Any CPU
		{4D97DC44-D940-4DD3-BCD8-38EC1FD70432}.Release|Any CPU.Build.0 = Release|Any CPU
		{BE0D291C-B0E5-4A15-B0B1-F3B0E109EB4C}.Debug|Any CPU.ActiveCfg = Debug|Any CPU
		{BE0D291C-B0E5-4A15-B0B1-F3B0E109EB4C}.Debug|Any CPU.Build.0 = Debug|Any CPU
		{BE0D291C-B0E5-4A15-B0B1-F3B0E109EB4C}.Release|Any CPU.ActiveCfg = Release|Any CPU
		{BE0D291C-B0E5-4A15-B0B1-F3B0E109EB4C}.Release|Any CPU.Build.0 = Release|Any CPU
		{39298C48-EC13-40E9-A19B-078F22634708}.Debug|Any CPU.ActiveCfg = Debug|Any CPU
		{39298C48-EC13-40E9-A19B-078F22634708}.Debug|Any CPU.Build.0 = Debug|Any CPU
		{39298C48-EC13-40E9-A19B-078F22634708}.Release|Any CPU.ActiveCfg = Release|Any CPU
		{39298C48-EC13-40E9-A19B-078F22634708}.Release|Any CPU.Build.0 = Release|Any CPU
		{6CB2C6A8-5711-4A74-8FA0-BDE48FDD63D7}.Debug|Any CPU.ActiveCfg = Debug|Any CPU
		{6CB2C6A8-5711-4A74-8FA0-BDE48FDD63D7}.Debug|Any CPU.Build.0 = Debug|Any CPU
		{6CB2C6A8-5711-4A74-8FA0-BDE48FDD63D7}.Release|Any CPU.ActiveCfg = Release|Any CPU
		{6CB2C6A8-5711-4A74-8FA0-BDE48FDD63D7}.Release|Any CPU.Build.0 = Release|Any CPU
	EndGlobalSection
	GlobalSection(SolutionProperties) = preSolution
		HideSolutionNode = FALSE
	EndGlobalSection
	GlobalSection(NestedProjects) = preSolution
		{9E29A72B-4FFB-4AAC-A690-3CD7F3895C98} = {544EA502-A1BD-4A80-943F-477F9896688E}
		{86C2AA5D-2F81-423D-A0E6-33CBD2039E02} = {544EA502-A1BD-4A80-943F-477F9896688E}
		{4D473A23-387F-485C-B8DD-C6907E1035AD} = {544EA502-A1BD-4A80-943F-477F9896688E}
		{C188585B-7643-4B56-9630-20696BE1802B} = {544EA502-A1BD-4A80-943F-477F9896688E}
		{1EEA925C-8289-4980-9C39-148142A090BA} = {C188585B-7643-4B56-9630-20696BE1802B}
		{AB00D664-454D-4A76-ABDD-65E57F2932FF} = {C188585B-7643-4B56-9630-20696BE1802B}
		{5143D389-99EA-4967-ACFE-5A623996104B} = {9E29A72B-4FFB-4AAC-A690-3CD7F3895C98}
		{0CD97231-94D9-4A66-882B-4CE1F8F1D719} = {86C2AA5D-2F81-423D-A0E6-33CBD2039E02}
		{43011E1C-9538-4E16-966F-E13300A06B0E} = {4D473A23-387F-485C-B8DD-C6907E1035AD}
		{614B00A3-1464-4378-92D8-61BF3BDD27BB} = {4D473A23-387F-485C-B8DD-C6907E1035AD}
		{4D97DC44-D940-4DD3-BCD8-38EC1FD70432} = {1EEA925C-8289-4980-9C39-148142A090BA}
		{BE0D291C-B0E5-4A15-B0B1-F3B0E109EB4C} = {AB00D664-454D-4A76-ABDD-65E57F2932FF}
		{39298C48-EC13-40E9-A19B-078F22634708} = {AB00D664-454D-4A76-ABDD-65E57F2932FF}
		{6CB2C6A8-5711-4A74-8FA0-BDE48FDD63D7} = {9E29A72B-4FFB-4AAC-A690-3CD7F3895C98}
	EndGlobalSection
	GlobalSection(ExtensibilityGlobals) = postSolution
		SolutionGuid = {CBEA891D-413B-49A7-9062-9E446661FA4D}
	EndGlobalSection
EndGlobal
